// !$*UTF8*$!
{
	archiveVersion = 1;
	classes = {
	};
	objectVersion = 56;
	objects = {

/* Begin PBXBuildFile section */
		89B5D65D293ACEA100268DD5 /* UploadViewController.swift in Sources */ = {isa = PBXBuildFile; fileRef = 89B5D65C293ACEA100268DD5 /* UploadViewController.swift */; };
		89B5D65F293AD06A00268DD5 /* Valken.ttf in Resources */ = {isa = PBXBuildFile; fileRef = 89B5D65E293AD06A00268DD5 /* Valken.ttf */; };
		9925DDE5293AE35B008C9030 /* BadgesPopup.swift in Sources */ = {isa = PBXBuildFile; fileRef = 9925DDE4293AE35B008C9030 /* BadgesPopup.swift */; };
		9925DDE7293AEBFA008C9030 /* ScorePopup.swift in Sources */ = {isa = PBXBuildFile; fileRef = 9925DDE6293AEBFA008C9030 /* ScorePopup.swift */; };
		9925DDE9293AFA0D008C9030 /* joinGameViewController.swift in Sources */ = {isa = PBXBuildFile; fileRef = 9925DDE8293AFA0D008C9030 /* joinGameViewController.swift */; };
		BC2121BA5B8D48D8FD7849F6 /* Pods_spotted.framework in Frameworks */ = {isa = PBXBuildFile; fileRef = 4E767783FDDE503171B39585 /* Pods_spotted.framework */; };
		C9B76454292DB15C0065455B /* AppDelegate.swift in Sources */ = {isa = PBXBuildFile; fileRef = C9B76453292DB15C0065455B /* AppDelegate.swift */; };
		C9B76456292DB15C0065455B /* SceneDelegate.swift in Sources */ = {isa = PBXBuildFile; fileRef = C9B76455292DB15C0065455B /* SceneDelegate.swift */; };
		C9B76458292DB15C0065455B /* TabBarController.swift in Sources */ = {isa = PBXBuildFile; fileRef = C9B76457292DB15C0065455B /* TabBarController.swift */; };
		C9B7645D292DB15F0065455B /* Assets.xcassets in Resources */ = {isa = PBXBuildFile; fileRef = C9B7645C292DB15F0065455B /* Assets.xcassets */; };
		C9B76460292DB15F0065455B /* LaunchScreen.storyboard in Resources */ = {isa = PBXBuildFile; fileRef = C9B7645E292DB15F0065455B /* LaunchScreen.storyboard */; };
		C9B76468292DBCAB0065455B /* FeedViewController.swift in Sources */ = {isa = PBXBuildFile; fileRef = C9B76467292DBCAB0065455B /* FeedViewController.swift */; };
		C9B7646A292DC0FF0065455B /* LeaderboardViewController.swift in Sources */ = {isa = PBXBuildFile; fileRef = C9B76469292DC0FF0065455B /* LeaderboardViewController.swift */; };
		C9B7646C292DCC310065455B /* ProfileViewController.swift in Sources */ = {isa = PBXBuildFile; fileRef = C9B7646B292DCC310065455B /* ProfileViewController.swift */; };
		C9B7646E293318AC0065455B /* InstructionsViewController.swift in Sources */ = {isa = PBXBuildFile; fileRef = C9B7646D293318AC0065455B /* InstructionsViewController.swift */; };
		C9B76470293318D10065455B /* CameraViewController.swift in Sources */ = {isa = PBXBuildFile; fileRef = C9B7646F293318D10065455B /* CameraViewController.swift */; };
		C9B764742933280A0065455B /* GalleryCollectionViewCell.swift in Sources */ = {isa = PBXBuildFile; fileRef = C9B764732933280A0065455B /* GalleryCollectionViewCell.swift */; };
		C9B76476293328560065455B /* Data.swift in Sources */ = {isa = PBXBuildFile; fileRef = C9B76475293328560065455B /* Data.swift */; };
		C9B7647E2939761D0065455B /* SpotButton.swift in Sources */ = {isa = PBXBuildFile; fileRef = C9B7647D2939761D0065455B /* SpotButton.swift */; };
		C9B76480293976510065455B /* PhotoViewController.swift in Sources */ = {isa = PBXBuildFile; fileRef = C9B7647F293976510065455B /* PhotoViewController.swift */; };
		C9B76482293976BF0065455B /* TargetPopup.swift in Sources */ = {isa = PBXBuildFile; fileRef = C9B76481293976BF0065455B /* TargetPopup.swift */; };
		C9B764842939789D0065455B /* NetworkManager.swift in Sources */ = {isa = PBXBuildFile; fileRef = C9B764832939789D0065455B /* NetworkManager.swift */; };
		C9B7648A293992620065455B /* Calibri.ttf in Resources */ = {isa = PBXBuildFile; fileRef = C9B76489293992620065455B /* Calibri.ttf */; };
		C9B7648C293993CA0065455B /* Calibri-Bold.ttf in Resources */ = {isa = PBXBuildFile; fileRef = C9B7648B293993CA0065455B /* Calibri-Bold.ttf */; };
		C9B7648E2939A5B00065455B /* GoogleSignInViewController.swift in Sources */ = {isa = PBXBuildFile; fileRef = C9B7648D2939A5B00065455B /* GoogleSignInViewController.swift */; };
		C9B76490293AB1CD0065455B /* CommunityPopup.swift in Sources */ = {isa = PBXBuildFile; fileRef = C9B7648F293AB1CD0065455B /* CommunityPopup.swift */; };
		C9B76492293AC1250065455B /* EditProfileViewController.swift in Sources */ = {isa = PBXBuildFile; fileRef = C9B76491293AC1250065455B /* EditProfileViewController.swift */; };
/* End PBXBuildFile section */

/* Begin PBXFileReference section */
		4E767783FDDE503171B39585 /* Pods_spotted.framework */ = {isa = PBXFileReference; explicitFileType = wrapper.framework; includeInIndex = 0; path = Pods_spotted.framework; sourceTree = BUILT_PRODUCTS_DIR; };
		89B5D65C293ACEA100268DD5 /* UploadViewController.swift */ = {isa = PBXFileReference; lastKnownFileType = sourcecode.swift; path = UploadViewController.swift; sourceTree = "<group>"; };
		89B5D65E293AD06A00268DD5 /* Valken.ttf */ = {isa = PBXFileReference; lastKnownFileType = file; path = Valken.ttf; sourceTree = "<group>"; };
		9925DDE4293AE35B008C9030 /* BadgesPopup.swift */ = {isa = PBXFileReference; lastKnownFileType = sourcecode.swift; path = BadgesPopup.swift; sourceTree = "<group>"; };
		9925DDE6293AEBFA008C9030 /* ScorePopup.swift */ = {isa = PBXFileReference; lastKnownFileType = sourcecode.swift; path = ScorePopup.swift; sourceTree = "<group>"; };
		9925DDE8293AFA0D008C9030 /* joinGameViewController.swift */ = {isa = PBXFileReference; lastKnownFileType = sourcecode.swift; path = joinGameViewController.swift; sourceTree = "<group>"; };
		AAC56F605CC63433775A05C9 /* Pods-spotted.release.xcconfig */ = {isa = PBXFileReference; includeInIndex = 1; lastKnownFileType = text.xcconfig; name = "Pods-spotted.release.xcconfig"; path = "Target Support Files/Pods-spotted/Pods-spotted.release.xcconfig"; sourceTree = "<group>"; };
		C9B76450292DB15C0065455B /* spotted.app */ = {isa = PBXFileReference; explicitFileType = wrapper.application; includeInIndex = 0; path = spotted.app; sourceTree = BUILT_PRODUCTS_DIR; };
		C9B76453292DB15C0065455B /* AppDelegate.swift */ = {isa = PBXFileReference; lastKnownFileType = sourcecode.swift; path = AppDelegate.swift; sourceTree = "<group>"; };
		C9B76455292DB15C0065455B /* SceneDelegate.swift */ = {isa = PBXFileReference; lastKnownFileType = sourcecode.swift; path = SceneDelegate.swift; sourceTree = "<group>"; };
		C9B76457292DB15C0065455B /* TabBarController.swift */ = {isa = PBXFileReference; lastKnownFileType = sourcecode.swift; path = TabBarController.swift; sourceTree = "<group>"; };
		C9B7645C292DB15F0065455B /* Assets.xcassets */ = {isa = PBXFileReference; lastKnownFileType = folder.assetcatalog; path = Assets.xcassets; sourceTree = "<group>"; };
		C9B7645F292DB15F0065455B /* Base */ = {isa = PBXFileReference; lastKnownFileType = file.storyboard; name = Base; path = Base.lproj/LaunchScreen.storyboard; sourceTree = "<group>"; };
		C9B76461292DB15F0065455B /* Info.plist */ = {isa = PBXFileReference; lastKnownFileType = text.plist.xml; path = Info.plist; sourceTree = "<group>"; };
		C9B76467292DBCAB0065455B /* FeedViewController.swift */ = {isa = PBXFileReference; lastKnownFileType = sourcecode.swift; path = FeedViewController.swift; sourceTree = "<group>"; };
		C9B76469292DC0FF0065455B /* LeaderboardViewController.swift */ = {isa = PBXFileReference; lastKnownFileType = sourcecode.swift; path = LeaderboardViewController.swift; sourceTree = "<group>"; };
		C9B7646B292DCC310065455B /* ProfileViewController.swift */ = {isa = PBXFileReference; lastKnownFileType = sourcecode.swift; path = ProfileViewController.swift; sourceTree = "<group>"; };
		C9B7646D293318AC0065455B /* InstructionsViewController.swift */ = {isa = PBXFileReference; lastKnownFileType = sourcecode.swift; path = InstructionsViewController.swift; sourceTree = "<group>"; };
		C9B7646F293318D10065455B /* CameraViewController.swift */ = {isa = PBXFileReference; lastKnownFileType = sourcecode.swift; path = CameraViewController.swift; sourceTree = "<group>"; };
		C9B764732933280A0065455B /* GalleryCollectionViewCell.swift */ = {isa = PBXFileReference; lastKnownFileType = sourcecode.swift; path = GalleryCollectionViewCell.swift; sourceTree = "<group>"; };
		C9B76475293328560065455B /* Data.swift */ = {isa = PBXFileReference; lastKnownFileType = sourcecode.swift; path = Data.swift; sourceTree = "<group>"; };
		C9B7647D2939761D0065455B /* SpotButton.swift */ = {isa = PBXFileReference; lastKnownFileType = sourcecode.swift; path = SpotButton.swift; sourceTree = "<group>"; };
		C9B7647F293976510065455B /* PhotoViewController.swift */ = {isa = PBXFileReference; lastKnownFileType = sourcecode.swift; path = PhotoViewController.swift; sourceTree = "<group>"; };
		C9B76481293976BF0065455B /* TargetPopup.swift */ = {isa = PBXFileReference; lastKnownFileType = sourcecode.swift; path = TargetPopup.swift; sourceTree = "<group>"; };
		C9B764832939789D0065455B /* NetworkManager.swift */ = {isa = PBXFileReference; lastKnownFileType = sourcecode.swift; path = NetworkManager.swift; sourceTree = "<group>"; };
		C9B76489293992620065455B /* Calibri.ttf */ = {isa = PBXFileReference; lastKnownFileType = file; path = Calibri.ttf; sourceTree = "<group>"; };
		C9B7648B293993CA0065455B /* Calibri-Bold.ttf */ = {isa = PBXFileReference; lastKnownFileType = file; path = "Calibri-Bold.ttf"; sourceTree = "<group>"; };
		C9B7648D2939A5B00065455B /* GoogleSignInViewController.swift */ = {isa = PBXFileReference; lastKnownFileType = sourcecode.swift; path = GoogleSignInViewController.swift; sourceTree = "<group>"; };
		C9B7648F293AB1CD0065455B /* CommunityPopup.swift */ = {isa = PBXFileReference; lastKnownFileType = sourcecode.swift; path = CommunityPopup.swift; sourceTree = "<group>"; };
		C9B76491293AC1250065455B /* EditProfileViewController.swift */ = {isa = PBXFileReference; lastKnownFileType = sourcecode.swift; path = EditProfileViewController.swift; sourceTree = "<group>"; };
		F63BD6E39E37C117D082EF01 /* Pods-spotted.debug.xcconfig */ = {isa = PBXFileReference; includeInIndex = 1; lastKnownFileType = text.xcconfig; name = "Pods-spotted.debug.xcconfig"; path = "Target Support Files/Pods-spotted/Pods-spotted.debug.xcconfig"; sourceTree = "<group>"; };
/* End PBXFileReference section */

/* Begin PBXFrameworksBuildPhase section */
		C9B7644D292DB15C0065455B /* Frameworks */ = {
			isa = PBXFrameworksBuildPhase;
			buildActionMask = 2147483647;
			files = (
				BC2121BA5B8D48D8FD7849F6 /* Pods_spotted.framework in Frameworks */,
			);
			runOnlyForDeploymentPostprocessing = 0;
		};
/* End PBXFrameworksBuildPhase section */

/* Begin PBXGroup section */
		2C2ECD3366A3ECE33605A75F /* Pods */ = {
			isa = PBXGroup;
			children = (
				F63BD6E39E37C117D082EF01 /* Pods-spotted.debug.xcconfig */,
				AAC56F605CC63433775A05C9 /* Pods-spotted.release.xcconfig */,
			);
			path = Pods;
			sourceTree = "<group>";
		};
		9C0E30086900A72717D6B58A /* Frameworks */ = {
			isa = PBXGroup;
			children = (
				4E767783FDDE503171B39585 /* Pods_spotted.framework */,
			);
			name = Frameworks;
			sourceTree = "<group>";
		};
		C9B76447292DB15C0065455B = {
			isa = PBXGroup;
			children = (
				C9B76452292DB15C0065455B /* spotted */,
				C9B76451292DB15C0065455B /* Products */,
				2C2ECD3366A3ECE33605A75F /* Pods */,
				9C0E30086900A72717D6B58A /* Frameworks */,
			);
			sourceTree = "<group>";
		};
		C9B76451292DB15C0065455B /* Products */ = {
			isa = PBXGroup;
			children = (
				C9B76450292DB15C0065455B /* spotted.app */,
			);
			name = Products;
			sourceTree = "<group>";
		};
		C9B76452292DB15C0065455B /* spotted */ = {
			isa = PBXGroup;
			children = (
				C9B76453292DB15C0065455B /* AppDelegate.swift */,
				C9B76455292DB15C0065455B /* SceneDelegate.swift */,
				C9B76457292DB15C0065455B /* TabBarController.swift */,
				C9B764732933280A0065455B /* GalleryCollectionViewCell.swift */,
				C9B76467292DBCAB0065455B /* FeedViewController.swift */,
				C9B7646D293318AC0065455B /* InstructionsViewController.swift */,
				C9B7646F293318D10065455B /* CameraViewController.swift */,
				C9B7647D2939761D0065455B /* SpotButton.swift */,
				C9B7647F293976510065455B /* PhotoViewController.swift */,
				C9B76469292DC0FF0065455B /* LeaderboardViewController.swift */,
				9925DDE6293AEBFA008C9030 /* ScorePopup.swift */,
				C9B7646B292DCC310065455B /* ProfileViewController.swift */,
				C9B76491293AC1250065455B /* EditProfileViewController.swift */,
				C9B76481293976BF0065455B /* TargetPopup.swift */,
				C9B7648F293AB1CD0065455B /* CommunityPopup.swift */,
				9925DDE4293AE35B008C9030 /* BadgesPopup.swift */,
				9925DDE8293AFA0D008C9030 /* joinGameViewController.swift */,
				89B5D65C293ACEA100268DD5 /* UploadViewController.swift */,
				C9B7648D2939A5B00065455B /* GoogleSignInViewController.swift */,
				C9B76475293328560065455B /* Data.swift */,
				C9B7645C292DB15F0065455B /* Assets.xcassets */,
				C9B7645E292DB15F0065455B /* LaunchScreen.storyboard */,
				C9B76461292DB15F0065455B /* Info.plist */,
				C9B76489293992620065455B /* Calibri.ttf */,
				C9B7648B293993CA0065455B /* Calibri-Bold.ttf */,
				89B5D65E293AD06A00268DD5 /* Valken.ttf */,
				C9B764832939789D0065455B /* NetworkManager.swift */,
			);
			path = spotted;
			sourceTree = "<group>";
		};
/* End PBXGroup section */

/* Begin PBXNativeTarget section */
		C9B7644F292DB15C0065455B /* spotted */ = {
			isa = PBXNativeTarget;
			buildConfigurationList = C9B76464292DB15F0065455B /* Build configuration list for PBXNativeTarget "spotted" */;
			buildPhases = (
				527A6A8BB239F4AA9BD12048 /* [CP] Check Pods Manifest.lock */,
				C9B7644C292DB15C0065455B /* Sources */,
				C9B7644D292DB15C0065455B /* Frameworks */,
				C9B7644E292DB15C0065455B /* Resources */,
				54B99D06D75FC758A601DA3F /* [CP] Embed Pods Frameworks */,
			);
			buildRules = (
			);
			dependencies = (
			);
			name = spotted;
			productName = spotted;
			productReference = C9B76450292DB15C0065455B /* spotted.app */;
			productType = "com.apple.product-type.application";
		};
/* End PBXNativeTarget section */

/* Begin PBXProject section */
		C9B76448292DB15C0065455B /* Project object */ = {
			isa = PBXProject;
			attributes = {
				BuildIndependentTargetsInParallel = 1;
				LastSwiftUpdateCheck = 1400;
				LastUpgradeCheck = 1400;
				TargetAttributes = {
					C9B7644F292DB15C0065455B = {
						CreatedOnToolsVersion = 14.0;
					};
				};
			};
			buildConfigurationList = C9B7644B292DB15C0065455B /* Build configuration list for PBXProject "spotted" */;
			compatibilityVersion = "Xcode 14.0";
			developmentRegion = en;
			hasScannedForEncodings = 0;
			knownRegions = (
				en,
				Base,
			);
			mainGroup = C9B76447292DB15C0065455B;
			productRefGroup = C9B76451292DB15C0065455B /* Products */;
			projectDirPath = "";
			projectRoot = "";
			targets = (
				C9B7644F292DB15C0065455B /* spotted */,
			);
		};
/* End PBXProject section */

/* Begin PBXResourcesBuildPhase section */
		C9B7644E292DB15C0065455B /* Resources */ = {
			isa = PBXResourcesBuildPhase;
			buildActionMask = 2147483647;
			files = (
				C9B76460292DB15F0065455B /* LaunchScreen.storyboard in Resources */,
				C9B7648C293993CA0065455B /* Calibri-Bold.ttf in Resources */,
				89B5D65F293AD06A00268DD5 /* Valken.ttf in Resources */,
				C9B7645D292DB15F0065455B /* Assets.xcassets in Resources */,
				C9B7648A293992620065455B /* Calibri.ttf in Resources */,
			);
			runOnlyForDeploymentPostprocessing = 0;
		};
/* End PBXResourcesBuildPhase section */

/* Begin PBXShellScriptBuildPhase section */
		527A6A8BB239F4AA9BD12048 /* [CP] Check Pods Manifest.lock */ = {
			isa = PBXShellScriptBuildPhase;
			buildActionMask = 2147483647;
			files = (
			);
			inputFileListPaths = (
			);
			inputPaths = (
				"${PODS_PODFILE_DIR_PATH}/Podfile.lock",
				"${PODS_ROOT}/Manifest.lock",
			);
			name = "[CP] Check Pods Manifest.lock";
			outputFileListPaths = (
			);
			outputPaths = (
				"$(DERIVED_FILE_DIR)/Pods-spotted-checkManifestLockResult.txt",
			);
			runOnlyForDeploymentPostprocessing = 0;
			shellPath = /bin/sh;
			shellScript = "diff \"${PODS_PODFILE_DIR_PATH}/Podfile.lock\" \"${PODS_ROOT}/Manifest.lock\" > /dev/null\nif [ $? != 0 ] ; then\n    # print error to STDERR\n    echo \"error: The sandbox is not in sync with the Podfile.lock. Run 'pod install' or update your CocoaPods installation.\" >&2\n    exit 1\nfi\n# This output is used by Xcode 'outputs' to avoid re-running this script phase.\necho \"SUCCESS\" > \"${SCRIPT_OUTPUT_FILE_0}\"\n";
			showEnvVarsInLog = 0;
		};
		54B99D06D75FC758A601DA3F /* [CP] Embed Pods Frameworks */ = {
			isa = PBXShellScriptBuildPhase;
			buildActionMask = 2147483647;
			files = (
			);
			inputFileListPaths = (
				"${PODS_ROOT}/Target Support Files/Pods-spotted/Pods-spotted-frameworks-${CONFIGURATION}-input-files.xcfilelist",
			);
			name = "[CP] Embed Pods Frameworks";
			outputFileListPaths = (
				"${PODS_ROOT}/Target Support Files/Pods-spotted/Pods-spotted-frameworks-${CONFIGURATION}-output-files.xcfilelist",
			);
			runOnlyForDeploymentPostprocessing = 0;
			shellPath = /bin/sh;
			shellScript = "\"${PODS_ROOT}/Target Support Files/Pods-spotted/Pods-spotted-frameworks.sh\"\n";
			showEnvVarsInLog = 0;
		};
/* End PBXShellScriptBuildPhase section */

/* Begin PBXSourcesBuildPhase section */
		C9B7644C292DB15C0065455B /* Sources */ = {
			isa = PBXSourcesBuildPhase;
			buildActionMask = 2147483647;
			files = (
				C9B7647E2939761D0065455B /* SpotButton.swift in Sources */,
				C9B7646C292DCC310065455B /* ProfileViewController.swift in Sources */,
				9925DDE5293AE35B008C9030 /* BadgesPopup.swift in Sources */,
				C9B76476293328560065455B /* Data.swift in Sources */,
				C9B764742933280A0065455B /* GalleryCollectionViewCell.swift in Sources */,
				C9B76458292DB15C0065455B /* TabBarController.swift in Sources */,
				C9B76480293976510065455B /* PhotoViewController.swift in Sources */,
				C9B7648E2939A5B00065455B /* GoogleSignInViewController.swift in Sources */,
				C9B76482293976BF0065455B /* TargetPopup.swift in Sources */,
				C9B76454292DB15C0065455B /* AppDelegate.swift in Sources */,
				9925DDE9293AFA0D008C9030 /* joinGameViewController.swift in Sources */,
				C9B76490293AB1CD0065455B /* CommunityPopup.swift in Sources */,
				9925DDE7293AEBFA008C9030 /* ScorePopup.swift in Sources */,
				C9B76492293AC1250065455B /* EditProfileViewController.swift in Sources */,
				C9B7646A292DC0FF0065455B /* LeaderboardViewController.swift in Sources */,
				C9B76468292DBCAB0065455B /* FeedViewController.swift in Sources */,
				89B5D65D293ACEA100268DD5 /* UploadViewController.swift in Sources */,
				C9B764842939789D0065455B /* NetworkManager.swift in Sources */,
				C9B76470293318D10065455B /* CameraViewController.swift in Sources */,
				C9B76456292DB15C0065455B /* SceneDelegate.swift in Sources */,
				C9B7646E293318AC0065455B /* InstructionsViewController.swift in Sources */,
			);
			runOnlyForDeploymentPostprocessing = 0;
		};
/* End PBXSourcesBuildPhase section */

/* Begin PBXVariantGroup section */
		C9B7645E292DB15F0065455B /* LaunchScreen.storyboard */ = {
			isa = PBXVariantGroup;
			children = (
				C9B7645F292DB15F0065455B /* Base */,
			);
			name = LaunchScreen.storyboard;
			sourceTree = "<group>";
		};
/* End PBXVariantGroup section */

/* Begin XCBuildConfiguration section */
		C9B76462292DB15F0065455B /* Debug */ = {
			isa = XCBuildConfiguration;
			buildSettings = {
				ALWAYS_SEARCH_USER_PATHS = NO;
				CLANG_ANALYZER_NONNULL = YES;
				CLANG_ANALYZER_NUMBER_OBJECT_CONVERSION = YES_AGGRESSIVE;
				CLANG_CXX_LANGUAGE_STANDARD = "gnu++20";
				CLANG_ENABLE_MODULES = YES;
				CLANG_ENABLE_OBJC_ARC = YES;
				CLANG_ENABLE_OBJC_WEAK = YES;
				CLANG_WARN_BLOCK_CAPTURE_AUTORELEASING = YES;
				CLANG_WARN_BOOL_CONVERSION = YES;
				CLANG_WARN_COMMA = YES;
				CLANG_WARN_CONSTANT_CONVERSION = YES;
				CLANG_WARN_DEPRECATED_OBJC_IMPLEMENTATIONS = YES;
				CLANG_WARN_DIRECT_OBJC_ISA_USAGE = YES_ERROR;
				CLANG_WARN_DOCUMENTATION_COMMENTS = YES;
				CLANG_WARN_EMPTY_BODY = YES;
				CLANG_WARN_ENUM_CONVERSION = YES;
				CLANG_WARN_INFINITE_RECURSION = YES;
				CLANG_WARN_INT_CONVERSION = YES;
				CLANG_WARN_NON_LITERAL_NULL_CONVERSION = YES;
				CLANG_WARN_OBJC_IMPLICIT_RETAIN_SELF = YES;
				CLANG_WARN_OBJC_LITERAL_CONVERSION = YES;
				CLANG_WARN_OBJC_ROOT_CLASS = YES_ERROR;
				CLANG_WARN_QUOTED_INCLUDE_IN_FRAMEWORK_HEADER = YES;
				CLANG_WARN_RANGE_LOOP_ANALYSIS = YES;
				CLANG_WARN_STRICT_PROTOTYPES = YES;
				CLANG_WARN_SUSPICIOUS_MOVE = YES;
				CLANG_WARN_UNGUARDED_AVAILABILITY = YES_AGGRESSIVE;
				CLANG_WARN_UNREACHABLE_CODE = YES;
				CLANG_WARN__DUPLICATE_METHOD_MATCH = YES;
				COPY_PHASE_STRIP = NO;
				DEBUG_INFORMATION_FORMAT = dwarf;
				ENABLE_STRICT_OBJC_MSGSEND = YES;
				ENABLE_TESTABILITY = YES;
				GCC_C_LANGUAGE_STANDARD = gnu11;
				GCC_DYNAMIC_NO_PIC = NO;
				GCC_NO_COMMON_BLOCKS = YES;
				GCC_OPTIMIZATION_LEVEL = 0;
				GCC_PREPROCESSOR_DEFINITIONS = (
					"DEBUG=1",
					"$(inherited)",
				);
				GCC_WARN_64_TO_32_BIT_CONVERSION = YES;
				GCC_WARN_ABOUT_RETURN_TYPE = YES_ERROR;
				GCC_WARN_UNDECLARED_SELECTOR = YES;
				GCC_WARN_UNINITIALIZED_AUTOS = YES_AGGRESSIVE;
				GCC_WARN_UNUSED_FUNCTION = YES;
				GCC_WARN_UNUSED_VARIABLE = YES;
				IPHONEOS_DEPLOYMENT_TARGET = 16.0;
				MTL_ENABLE_DEBUG_INFO = INCLUDE_SOURCE;
				MTL_FAST_MATH = YES;
				ONLY_ACTIVE_ARCH = YES;
				SDKROOT = iphoneos;
				SWIFT_ACTIVE_COMPILATION_CONDITIONS = DEBUG;
				SWIFT_OPTIMIZATION_LEVEL = "-Onone";
			};
			name = Debug;
		};
		C9B76463292DB15F0065455B /* Release */ = {
			isa = XCBuildConfiguration;
			buildSettings = {
				ALWAYS_SEARCH_USER_PATHS = NO;
				CLANG_ANALYZER_NONNULL = YES;
				CLANG_ANALYZER_NUMBER_OBJECT_CONVERSION = YES_AGGRESSIVE;
				CLANG_CXX_LANGUAGE_STANDARD = "gnu++20";
				CLANG_ENABLE_MODULES = YES;
				CLANG_ENABLE_OBJC_ARC = YES;
				CLANG_ENABLE_OBJC_WEAK = YES;
				CLANG_WARN_BLOCK_CAPTURE_AUTORELEASING = YES;
				CLANG_WARN_BOOL_CONVERSION = YES;
				CLANG_WARN_COMMA = YES;
				CLANG_WARN_CONSTANT_CONVERSION = YES;
				CLANG_WARN_DEPRECATED_OBJC_IMPLEMENTATIONS = YES;
				CLANG_WARN_DIRECT_OBJC_ISA_USAGE = YES_ERROR;
				CLANG_WARN_DOCUMENTATION_COMMENTS = YES;
				CLANG_WARN_EMPTY_BODY = YES;
				CLANG_WARN_ENUM_CONVERSION = YES;
				CLANG_WARN_INFINITE_RECURSION = YES;
				CLANG_WARN_INT_CONVERSION = YES;
				CLANG_WARN_NON_LITERAL_NULL_CONVERSION = YES;
				CLANG_WARN_OBJC_IMPLICIT_RETAIN_SELF = YES;
				CLANG_WARN_OBJC_LITERAL_CONVERSION = YES;
				CLANG_WARN_OBJC_ROOT_CLASS = YES_ERROR;
				CLANG_WARN_QUOTED_INCLUDE_IN_FRAMEWORK_HEADER = YES;
				CLANG_WARN_RANGE_LOOP_ANALYSIS = YES;
				CLANG_WARN_STRICT_PROTOTYPES = YES;
				CLANG_WARN_SUSPICIOUS_MOVE = YES;
				CLANG_WARN_UNGUARDED_AVAILABILITY = YES_AGGRESSIVE;
				CLANG_WARN_UNREACHABLE_CODE = YES;
				CLANG_WARN__DUPLICATE_METHOD_MATCH = YES;
				COPY_PHASE_STRIP = NO;
				DEBUG_INFORMATION_FORMAT = "dwarf-with-dsym";
				ENABLE_NS_ASSERTIONS = NO;
				ENABLE_STRICT_OBJC_MSGSEND = YES;
				GCC_C_LANGUAGE_STANDARD = gnu11;
				GCC_NO_COMMON_BLOCKS = YES;
				GCC_WARN_64_TO_32_BIT_CONVERSION = YES;
				GCC_WARN_ABOUT_RETURN_TYPE = YES_ERROR;
				GCC_WARN_UNDECLARED_SELECTOR = YES;
				GCC_WARN_UNINITIALIZED_AUTOS = YES_AGGRESSIVE;
				GCC_WARN_UNUSED_FUNCTION = YES;
				GCC_WARN_UNUSED_VARIABLE = YES;
				IPHONEOS_DEPLOYMENT_TARGET = 16.0;
				MTL_ENABLE_DEBUG_INFO = NO;
				MTL_FAST_MATH = YES;
				SDKROOT = iphoneos;
				SWIFT_COMPILATION_MODE = wholemodule;
				SWIFT_OPTIMIZATION_LEVEL = "-O";
				VALIDATE_PRODUCT = YES;
			};
			name = Release;
		};
		C9B76465292DB15F0065455B /* Debug */ = {
			isa = XCBuildConfiguration;
			baseConfigurationReference = F63BD6E39E37C117D082EF01 /* Pods-spotted.debug.xcconfig */;
			buildSettings = {
				ASSETCATALOG_COMPILER_APPICON_NAME = AppIcon;
				ASSETCATALOG_COMPILER_GLOBAL_ACCENT_COLOR_NAME = AccentColor;
				CODE_SIGN_STYLE = Automatic;
				CURRENT_PROJECT_VERSION = 1;
				DEVELOPMENT_TEAM = PM7N6SM2V6;
				GENERATE_INFOPLIST_FILE = YES;
				INFOPLIST_FILE = spotted/Info.plist;
				INFOPLIST_KEY_NSCameraUsageDescription = "To get you started Spotting!";
				INFOPLIST_KEY_UIApplicationSupportsIndirectInputEvents = YES;
				INFOPLIST_KEY_UILaunchStoryboardName = LaunchScreen;
				INFOPLIST_KEY_UISupportedInterfaceOrientations_iPad = "UIInterfaceOrientationPortrait UIInterfaceOrientationPortraitUpsideDown UIInterfaceOrientationLandscapeLeft UIInterfaceOrientationLandscapeRight";
				INFOPLIST_KEY_UISupportedInterfaceOrientations_iPhone = "UIInterfaceOrientationPortrait UIInterfaceOrientationLandscapeLeft UIInterfaceOrientationLandscapeRight";
				LD_RUNPATH_SEARCH_PATHS = (
					"$(inherited)",
					"@executable_path/Frameworks",
				);
				MARKETING_VERSION = 1.0;
				PRODUCT_BUNDLE_IDENTIFIER = com.caitlynjin.spotted;
				PRODUCT_NAME = "$(TARGET_NAME)";
				SWIFT_EMIT_LOC_STRINGS = YES;
				SWIFT_VERSION = 5.0;
				TARGETED_DEVICE_FAMILY = "1,2";
			};
			name = Debug;
		};
		C9B76466292DB15F0065455B /* Release */ = {
			isa = XCBuildConfiguration;
			baseConfigurationReference = AAC56F605CC63433775A05C9 /* Pods-spotted.release.xcconfig */;
			buildSettings = {
				ASSETCATALOG_COMPILER_APPICON_NAME = AppIcon;
				ASSETCATALOG_COMPILER_GLOBAL_ACCENT_COLOR_NAME = AccentColor;
				CODE_SIGN_STYLE = Manual;
				CURRENT_PROJECT_VERSION = 1;
				DEVELOPMENT_TEAM = "";
				GENERATE_INFOPLIST_FILE = YES;
				INFOPLIST_FILE = spotted/Info.plist;
				INFOPLIST_KEY_NSCameraUsageDescription = "To get you started Spotting!";
				INFOPLIST_KEY_UIApplicationSupportsIndirectInputEvents = YES;
				INFOPLIST_KEY_UILaunchStoryboardName = LaunchScreen;
				INFOPLIST_KEY_UISupportedInterfaceOrientations_iPad = "UIInterfaceOrientationPortrait UIInterfaceOrientationPortraitUpsideDown UIInterfaceOrientationLandscapeLeft UIInterfaceOrientationLandscapeRight";
				INFOPLIST_KEY_UISupportedInterfaceOrientations_iPhone = "UIInterfaceOrientationPortrait UIInterfaceOrientationLandscapeLeft UIInterfaceOrientationLandscapeRight";
				LD_RUNPATH_SEARCH_PATHS = (
					"$(inherited)",
					"@executable_path/Frameworks",
				);
				MARKETING_VERSION = 1.0;
				PRODUCT_BUNDLE_IDENTIFIER = com.karengrace.spotted;
				PRODUCT_NAME = "$(TARGET_NAME)";
				PROVISIONING_PROFILE_SPECIFIER = "";
				SWIFT_EMIT_LOC_STRINGS = YES;
				SWIFT_VERSION = 5.0;
				TARGETED_DEVICE_FAMILY = "1,2";
			};
			name = Release;
		};
/* End XCBuildConfiguration section */

/* Begin XCConfigurationList section */
		C9B7644B292DB15C0065455B /* Build configuration list for PBXProject "spotted" */ = {
			isa = XCConfigurationList;
			buildConfigurations = (
				C9B76462292DB15F0065455B /* Debug */,
				C9B76463292DB15F0065455B /* Release */,
			);
			defaultConfigurationIsVisible = 0;
			defaultConfigurationName = Release;
		};
		C9B76464292DB15F0065455B /* Build configuration list for PBXNativeTarget "spotted" */ = {
			isa = XCConfigurationList;
			buildConfigurations = (
				C9B76465292DB15F0065455B /* Debug */,
				C9B76466292DB15F0065455B /* Release */,
			);
			defaultConfigurationIsVisible = 0;
			defaultConfigurationName = Release;
		};
/* End XCConfigurationList section */
	};
	rootObject = C9B76448292DB15C0065455B /* Project object */;
}
